// !$*UTF8*$!
{
	archiveVersion = 1;
	classes = {
	};
	objectVersion = 56;
	objects = {

/* Begin PBXBuildFile section */
		4F48197A2BB7140F0039CCA5 /* Coordinator.swift in Sources */ = {isa = PBXBuildFile; fileRef = 4F4819792BB7140F0039CCA5 /* Coordinator.swift */; };
		4F48197C2BB930370039CCA5 /* AppCoordinator.swift in Sources */ = {isa = PBXBuildFile; fileRef = 4F48197B2BB930370039CCA5 /* AppCoordinator.swift */; };
		4F48197E2BB930FF0039CCA5 /* OnboardingCoordinator.swift in Sources */ = {isa = PBXBuildFile; fileRef = 4F48197D2BB930FF0039CCA5 /* OnboardingCoordinator.swift */; };
		4F4819802BB939800039CCA5 /* HomeCoordinator.swift in Sources */ = {isa = PBXBuildFile; fileRef = 4F48197F2BB939800039CCA5 /* HomeCoordinator.swift */; };
		4F4819822BB939B30039CCA5 /* OrderCoordinator.swift in Sources */ = {isa = PBXBuildFile; fileRef = 4F4819812BB939B30039CCA5 /* OrderCoordinator.swift */; };
		4F4819842BB955EC0039CCA5 /* ListCoordinator.swift in Sources */ = {isa = PBXBuildFile; fileRef = 4F4819832BB955EC0039CCA5 /* ListCoordinator.swift */; };
		4F4819862BB955F50039CCA5 /* ProfileCoordinator.swift in Sources */ = {isa = PBXBuildFile; fileRef = 4F4819852BB955F50039CCA5 /* ProfileCoordinator.swift */; };
		4F4819882BB957D00039CCA5 /* TabBarController.swift in Sources */ = {isa = PBXBuildFile; fileRef = 4F4819872BB957D00039CCA5 /* TabBarController.swift */; };
		4F4E13D92BBC8E96003608AF /* UserStorage.swift in Sources */ = {isa = PBXBuildFile; fileRef = 4F4E13D82BBC8E96003608AF /* UserStorage.swift */; };
		4F4E13DC2BBDAC30003608AF /* SceneFactory.swift in Sources */ = {isa = PBXBuildFile; fileRef = 4F4E13DB2BBDAC30003608AF /* SceneFactory.swift */; };
		4F4E13DF2BBEB220003608AF /* LoginViewController.swift in Sources */ = {isa = PBXBuildFile; fileRef = 4F4E13DE2BBEB220003608AF /* LoginViewController.swift */; };
		4F4E13E42BBEB3F9003608AF /* BottomView.swift in Sources */ = {isa = PBXBuildFile; fileRef = 4F4E13E32BBEB3F9003608AF /* BottomView.swift */; };
		4F4E13EB2BBEFDE1003608AF /* FDButton.swift in Sources */ = {isa = PBXBuildFile; fileRef = 4F4E13EA2BBEFDE1003608AF /* FDButton.swift */; };
		4F810FBF2BB0A5BA005CF34D /* AppDelegate.swift in Sources */ = {isa = PBXBuildFile; fileRef = 4F810FBE2BB0A5BA005CF34D /* AppDelegate.swift */; };
		4F810FC12BB0A5BA005CF34D /* SceneDelegate.swift in Sources */ = {isa = PBXBuildFile; fileRef = 4F810FC02BB0A5BA005CF34D /* SceneDelegate.swift */; };
		4F810FC32BB0A5BA005CF34D /* ViewController.swift in Sources */ = {isa = PBXBuildFile; fileRef = 4F810FC22BB0A5BA005CF34D /* ViewController.swift */; };
		4F810FC82BB0A5BB005CF34D /* Assets.xcassets in Resources */ = {isa = PBXBuildFile; fileRef = 4F810FC72BB0A5BB005CF34D /* Assets.xcassets */; };
		4F810FCB2BB0A5BB005CF34D /* Base in Resources */ = {isa = PBXBuildFile; fileRef = 4F810FCA2BB0A5BB005CF34D /* Base */; };
		4F810FE22BB0AA8F005CF34D /* LICENSE.txt in Resources */ = {isa = PBXBuildFile; fileRef = 4F810FD42BB0AA8F005CF34D /* LICENSE.txt */; };
		4F810FE32BB0AA8F005CF34D /* Roboto-Black.ttf in Resources */ = {isa = PBXBuildFile; fileRef = 4F810FD52BB0AA8F005CF34D /* Roboto-Black.ttf */; };
		4F810FE42BB0AA8F005CF34D /* Roboto-BlackItalic.ttf in Resources */ = {isa = PBXBuildFile; fileRef = 4F810FD62BB0AA8F005CF34D /* Roboto-BlackItalic.ttf */; };
		4F810FE52BB0AA8F005CF34D /* Roboto-Bold.ttf in Resources */ = {isa = PBXBuildFile; fileRef = 4F810FD72BB0AA8F005CF34D /* Roboto-Bold.ttf */; };
		4F810FE62BB0AA8F005CF34D /* Roboto-BoldItalic.ttf in Resources */ = {isa = PBXBuildFile; fileRef = 4F810FD82BB0AA8F005CF34D /* Roboto-BoldItalic.ttf */; };
		4F810FE72BB0AA8F005CF34D /* Roboto-Italic.ttf in Resources */ = {isa = PBXBuildFile; fileRef = 4F810FD92BB0AA8F005CF34D /* Roboto-Italic.ttf */; };
		4F810FE82BB0AA8F005CF34D /* Roboto-Light.ttf in Resources */ = {isa = PBXBuildFile; fileRef = 4F810FDA2BB0AA8F005CF34D /* Roboto-Light.ttf */; };
		4F810FE92BB0AA8F005CF34D /* Roboto-LightItalic.ttf in Resources */ = {isa = PBXBuildFile; fileRef = 4F810FDB2BB0AA8F005CF34D /* Roboto-LightItalic.ttf */; };
		4F810FEA2BB0AA8F005CF34D /* Roboto-Medium.ttf in Resources */ = {isa = PBXBuildFile; fileRef = 4F810FDC2BB0AA8F005CF34D /* Roboto-Medium.ttf */; };
		4F810FEB2BB0AA8F005CF34D /* Roboto-MediumItalic.ttf in Resources */ = {isa = PBXBuildFile; fileRef = 4F810FDD2BB0AA8F005CF34D /* Roboto-MediumItalic.ttf */; };
		4F810FEC2BB0AA8F005CF34D /* Roboto-Regular.ttf in Resources */ = {isa = PBXBuildFile; fileRef = 4F810FDE2BB0AA8F005CF34D /* Roboto-Regular.ttf */; };
		4F810FED2BB0AA8F005CF34D /* Roboto-Thin.ttf in Resources */ = {isa = PBXBuildFile; fileRef = 4F810FDF2BB0AA8F005CF34D /* Roboto-Thin.ttf */; };
		4F810FEE2BB0AA8F005CF34D /* Roboto-ThinItalic.ttf in Resources */ = {isa = PBXBuildFile; fileRef = 4F810FE02BB0AA8F005CF34D /* Roboto-ThinItalic.ttf */; };
		4F810FF12BB0B4FF005CF34D /* UIFont+Extension.swift in Sources */ = {isa = PBXBuildFile; fileRef = 4F810FF02BB0B4FF005CF34D /* UIFont+Extension.swift */; };
		4F810FF32BB0BAD5005CF34D /* UIColor+Extension.swift in Sources */ = {isa = PBXBuildFile; fileRef = 4F810FF22BB0BAD5005CF34D /* UIColor+Extension.swift */; };
		4F810FF52BB0BBDF005CF34D /* AppColors.swift in Sources */ = {isa = PBXBuildFile; fileRef = 4F810FF42BB0BBDF005CF34D /* AppColors.swift */; };
		4F98524F2BB9AB3C0059AFB5 /* OnboardingViewController.swift in Sources */ = {isa = PBXBuildFile; fileRef = 4F98524E2BB9AB3C0059AFB5 /* OnboardingViewController.swift */; };
		4F9852512BB9ABAC0059AFB5 /* OnboardingViewPresenter.swift in Sources */ = {isa = PBXBuildFile; fileRef = 4F9852502BB9ABAC0059AFB5 /* OnboardingViewPresenter.swift */; };
		4F9852532BB9C6B60059AFB5 /* OnboardingPartViewController.swift in Sources */ = {isa = PBXBuildFile; fileRef = 4F9852522BB9C6B60059AFB5 /* OnboardingPartViewController.swift */; };
/* End PBXBuildFile section */

/* Begin PBXFileReference section */
		4F4819792BB7140F0039CCA5 /* Coordinator.swift */ = {isa = PBXFileReference; lastKnownFileType = sourcecode.swift; path = Coordinator.swift; sourceTree = "<group>"; };
		4F48197B2BB930370039CCA5 /* AppCoordinator.swift */ = {isa = PBXFileReference; lastKnownFileType = sourcecode.swift; path = AppCoordinator.swift; sourceTree = "<group>"; };
		4F48197D2BB930FF0039CCA5 /* OnboardingCoordinator.swift */ = {isa = PBXFileReference; lastKnownFileType = sourcecode.swift; path = OnboardingCoordinator.swift; sourceTree = "<group>"; };
		4F48197F2BB939800039CCA5 /* HomeCoordinator.swift */ = {isa = PBXFileReference; lastKnownFileType = sourcecode.swift; path = HomeCoordinator.swift; sourceTree = "<group>"; };
		4F4819812BB939B30039CCA5 /* OrderCoordinator.swift */ = {isa = PBXFileReference; lastKnownFileType = sourcecode.swift; path = OrderCoordinator.swift; sourceTree = "<group>"; };
		4F4819832BB955EC0039CCA5 /* ListCoordinator.swift */ = {isa = PBXFileReference; lastKnownFileType = sourcecode.swift; path = ListCoordinator.swift; sourceTree = "<group>"; };
		4F4819852BB955F50039CCA5 /* ProfileCoordinator.swift */ = {isa = PBXFileReference; lastKnownFileType = sourcecode.swift; path = ProfileCoordinator.swift; sourceTree = "<group>"; };
		4F4819872BB957D00039CCA5 /* TabBarController.swift */ = {isa = PBXFileReference; lastKnownFileType = sourcecode.swift; path = TabBarController.swift; sourceTree = "<group>"; };
		4F4E13D82BBC8E96003608AF /* UserStorage.swift */ = {isa = PBXFileReference; lastKnownFileType = sourcecode.swift; path = UserStorage.swift; sourceTree = "<group>"; };
		4F4E13DB2BBDAC30003608AF /* SceneFactory.swift */ = {isa = PBXFileReference; lastKnownFileType = sourcecode.swift; path = SceneFactory.swift; sourceTree = "<group>"; };
		4F4E13DE2BBEB220003608AF /* LoginViewController.swift */ = {isa = PBXFileReference; lastKnownFileType = sourcecode.swift; path = LoginViewController.swift; sourceTree = "<group>"; };
		4F4E13E32BBEB3F9003608AF /* BottomView.swift */ = {isa = PBXFileReference; lastKnownFileType = sourcecode.swift; path = BottomView.swift; sourceTree = "<group>"; };
		4F4E13EA2BBEFDE1003608AF /* FDButton.swift */ = {isa = PBXFileReference; lastKnownFileType = sourcecode.swift; path = FDButton.swift; sourceTree = "<group>"; };
		4F810FBB2BB0A5BA005CF34D /* FoodDeliveryApp.app */ = {isa = PBXFileReference; explicitFileType = wrapper.application; includeInIndex = 0; path = FoodDeliveryApp.app; sourceTree = BUILT_PRODUCTS_DIR; };
		4F810FBE2BB0A5BA005CF34D /* AppDelegate.swift */ = {isa = PBXFileReference; lastKnownFileType = sourcecode.swift; path = AppDelegate.swift; sourceTree = "<group>"; };
		4F810FC02BB0A5BA005CF34D /* SceneDelegate.swift */ = {isa = PBXFileReference; lastKnownFileType = sourcecode.swift; path = SceneDelegate.swift; sourceTree = "<group>"; };
		4F810FC22BB0A5BA005CF34D /* ViewController.swift */ = {isa = PBXFileReference; lastKnownFileType = sourcecode.swift; path = ViewController.swift; sourceTree = "<group>"; };
		4F810FC72BB0A5BB005CF34D /* Assets.xcassets */ = {isa = PBXFileReference; lastKnownFileType = folder.assetcatalog; path = Assets.xcassets; sourceTree = "<group>"; };
		4F810FCA2BB0A5BB005CF34D /* Base */ = {isa = PBXFileReference; lastKnownFileType = file.storyboard; name = Base; path = Base.lproj/LaunchScreen.storyboard; sourceTree = "<group>"; };
		4F810FCC2BB0A5BB005CF34D /* Info.plist */ = {isa = PBXFileReference; lastKnownFileType = text.plist.xml; path = Info.plist; sourceTree = "<group>"; };
		4F810FD42BB0AA8F005CF34D /* LICENSE.txt */ = {isa = PBXFileReference; fileEncoding = 4; lastKnownFileType = text; path = LICENSE.txt; sourceTree = "<group>"; };
		4F810FD52BB0AA8F005CF34D /* Roboto-Black.ttf */ = {isa = PBXFileReference; lastKnownFileType = file; path = "Roboto-Black.ttf"; sourceTree = "<group>"; };
		4F810FD62BB0AA8F005CF34D /* Roboto-BlackItalic.ttf */ = {isa = PBXFileReference; lastKnownFileType = file; path = "Roboto-BlackItalic.ttf"; sourceTree = "<group>"; };
		4F810FD72BB0AA8F005CF34D /* Roboto-Bold.ttf */ = {isa = PBXFileReference; lastKnownFileType = file; path = "Roboto-Bold.ttf"; sourceTree = "<group>"; };
		4F810FD82BB0AA8F005CF34D /* Roboto-BoldItalic.ttf */ = {isa = PBXFileReference; lastKnownFileType = file; path = "Roboto-BoldItalic.ttf"; sourceTree = "<group>"; };
		4F810FD92BB0AA8F005CF34D /* Roboto-Italic.ttf */ = {isa = PBXFileReference; lastKnownFileType = file; path = "Roboto-Italic.ttf"; sourceTree = "<group>"; };
		4F810FDA2BB0AA8F005CF34D /* Roboto-Light.ttf */ = {isa = PBXFileReference; lastKnownFileType = file; path = "Roboto-Light.ttf"; sourceTree = "<group>"; };
		4F810FDB2BB0AA8F005CF34D /* Roboto-LightItalic.ttf */ = {isa = PBXFileReference; lastKnownFileType = file; path = "Roboto-LightItalic.ttf"; sourceTree = "<group>"; };
		4F810FDC2BB0AA8F005CF34D /* Roboto-Medium.ttf */ = {isa = PBXFileReference; lastKnownFileType = file; path = "Roboto-Medium.ttf"; sourceTree = "<group>"; };
		4F810FDD2BB0AA8F005CF34D /* Roboto-MediumItalic.ttf */ = {isa = PBXFileReference; lastKnownFileType = file; path = "Roboto-MediumItalic.ttf"; sourceTree = "<group>"; };
		4F810FDE2BB0AA8F005CF34D /* Roboto-Regular.ttf */ = {isa = PBXFileReference; lastKnownFileType = file; path = "Roboto-Regular.ttf"; sourceTree = "<group>"; };
		4F810FDF2BB0AA8F005CF34D /* Roboto-Thin.ttf */ = {isa = PBXFileReference; lastKnownFileType = file; path = "Roboto-Thin.ttf"; sourceTree = "<group>"; };
		4F810FE02BB0AA8F005CF34D /* Roboto-ThinItalic.ttf */ = {isa = PBXFileReference; lastKnownFileType = file; path = "Roboto-ThinItalic.ttf"; sourceTree = "<group>"; };
		4F810FF02BB0B4FF005CF34D /* UIFont+Extension.swift */ = {isa = PBXFileReference; lastKnownFileType = sourcecode.swift; path = "UIFont+Extension.swift"; sourceTree = "<group>"; };
		4F810FF22BB0BAD5005CF34D /* UIColor+Extension.swift */ = {isa = PBXFileReference; lastKnownFileType = sourcecode.swift; path = "UIColor+Extension.swift"; sourceTree = "<group>"; };
		4F810FF42BB0BBDF005CF34D /* AppColors.swift */ = {isa = PBXFileReference; lastKnownFileType = sourcecode.swift; path = AppColors.swift; sourceTree = "<group>"; };
		4F98524E2BB9AB3C0059AFB5 /* OnboardingViewController.swift */ = {isa = PBXFileReference; lastKnownFileType = sourcecode.swift; path = OnboardingViewController.swift; sourceTree = "<group>"; };
		4F9852502BB9ABAC0059AFB5 /* OnboardingViewPresenter.swift */ = {isa = PBXFileReference; lastKnownFileType = sourcecode.swift; path = OnboardingViewPresenter.swift; sourceTree = "<group>"; };
		4F9852522BB9C6B60059AFB5 /* OnboardingPartViewController.swift */ = {isa = PBXFileReference; lastKnownFileType = sourcecode.swift; path = OnboardingPartViewController.swift; sourceTree = "<group>"; };
/* End PBXFileReference section */

/* Begin PBXFrameworksBuildPhase section */
		4F810FB82BB0A5BA005CF34D /* Frameworks */ = {
			isa = PBXFrameworksBuildPhase;
			buildActionMask = 2147483647;
			files = (
			);
			runOnlyForDeploymentPostprocessing = 0;
		};
/* End PBXFrameworksBuildPhase section */

/* Begin PBXGroup section */
		4F4819762BB713CF0039CCA5 /* NavigationLayer */ = {
			isa = PBXGroup;
			children = (
				4F4819782BB713EB0039CCA5 /* Coordinators */,
				4F4819772BB713E40039CCA5 /* Controllers */,
			);
			path = NavigationLayer;
			sourceTree = "<group>";
		};
		4F4819772BB713E40039CCA5 /* Controllers */ = {
			isa = PBXGroup;
			children = (
				4F4819872BB957D00039CCA5 /* TabBarController.swift */,
			);
			path = Controllers;
			sourceTree = "<group>";
		};
		4F4819782BB713EB0039CCA5 /* Coordinators */ = {
			isa = PBXGroup;
			children = (
				4F4819792BB7140F0039CCA5 /* Coordinator.swift */,
				4F48197B2BB930370039CCA5 /* AppCoordinator.swift */,
				4F48197D2BB930FF0039CCA5 /* OnboardingCoordinator.swift */,
				4F48197F2BB939800039CCA5 /* HomeCoordinator.swift */,
				4F4819812BB939B30039CCA5 /* OrderCoordinator.swift */,
				4F4819832BB955EC0039CCA5 /* ListCoordinator.swift */,
				4F4819852BB955F50039CCA5 /* ProfileCoordinator.swift */,
			);
			path = Coordinators;
			sourceTree = "<group>";
		};
		4F4E13D72BBC8E7E003608AF /* ServicesLayer */ = {
			isa = PBXGroup;
			children = (
				4F4E13D82BBC8E96003608AF /* UserStorage.swift */,
			);
			path = ServicesLayer;
			sourceTree = "<group>";
		};
		4F4E13DA2BBDAC0B003608AF /* SceneFactory */ = {
			isa = PBXGroup;
			children = (
				4F4E13DB2BBDAC30003608AF /* SceneFactory.swift */,
			);
			path = SceneFactory;
			sourceTree = "<group>";
		};
		4F4E13DD2BBEB18D003608AF /* AuthScene */ = {
			isa = PBXGroup;
			children = (
				4F4E13E22BBEB3CA003608AF /* Presenters */,
				4F4E13E12BBEB3B3003608AF /* Controllers */,
				4F4E13E02BBEB3B1003608AF /* Views */,
			);
			path = AuthScene;
			sourceTree = "<group>";
		};
		4F4E13E02BBEB3B1003608AF /* Views */ = {
			isa = PBXGroup;
			children = (
				4F4E13E32BBEB3F9003608AF /* BottomView.swift */,
			);
			path = Views;
			sourceTree = "<group>";
		};
		4F4E13E12BBEB3B3003608AF /* Controllers */ = {
			isa = PBXGroup;
			children = (
				4F4E13DE2BBEB220003608AF /* LoginViewController.swift */,
			);
			path = Controllers;
			sourceTree = "<group>";
		};
		4F4E13E22BBEB3CA003608AF /* Presenters */ = {
			isa = PBXGroup;
			children = (
			);
			path = Presenters;
			sourceTree = "<group>";
		};
		4F4E13E72BBEFD5B003608AF /* Views */ = {
			isa = PBXGroup;
			children = (
				4F4E13EA2BBEFDE1003608AF /* FDButton.swift */,
			);
			path = Views;
			sourceTree = "<group>";
		};
		4F4E13E82BBEFD61003608AF /* Factory */ = {
			isa = PBXGroup;
			children = (
				4F4E13DA2BBDAC0B003608AF /* SceneFactory */,
			);
			path = Factory;
			sourceTree = "<group>";
		};
		4F4E13E92BBEFD7C003608AF /* Scenes */ = {
			isa = PBXGroup;
			children = (
				4F98524D2BB9AAD40059AFB5 /* OnboardingScene */,
				4F4E13DD2BBEB18D003608AF /* AuthScene */,
			);
			path = Scenes;
			sourceTree = "<group>";
		};
		4F810FB22BB0A5BA005CF34D = {
			isa = PBXGroup;
			children = (
				4F810FBD2BB0A5BA005CF34D /* FoodDeliveryApp */,
				4F810FBC2BB0A5BA005CF34D /* Products */,
			);
			sourceTree = "<group>";
		};
		4F810FBC2BB0A5BA005CF34D /* Products */ = {
			isa = PBXGroup;
			children = (
				4F810FBB2BB0A5BA005CF34D /* FoodDeliveryApp.app */,
			);
			name = Products;
			sourceTree = "<group>";
		};
		4F810FBD2BB0A5BA005CF34D /* FoodDeliveryApp */ = {
			isa = PBXGroup;
			children = (
				4F4E13D72BBC8E7E003608AF /* ServicesLayer */,
				4F98524C2BB9AA8B0059AFB5 /* UILayer */,
				4F4819762BB713CF0039CCA5 /* NavigationLayer */,
				4F810FD22BB0AA6D005CF34D /* Resources */,
				4F810FBE2BB0A5BA005CF34D /* AppDelegate.swift */,
				4F810FC02BB0A5BA005CF34D /* SceneDelegate.swift */,
				4F810FC22BB0A5BA005CF34D /* ViewController.swift */,
				4F810FC72BB0A5BB005CF34D /* Assets.xcassets */,
				4F810FC92BB0A5BB005CF34D /* LaunchScreen.storyboard */,
				4F810FCC2BB0A5BB005CF34D /* Info.plist */,
			);
			path = FoodDeliveryApp;
			sourceTree = "<group>";
		};
		4F810FD22BB0AA6D005CF34D /* Resources */ = {
			isa = PBXGroup;
			children = (
				4F810FF42BB0BBDF005CF34D /* AppColors.swift */,
				4F810FEF2BB0B4E7005CF34D /* Extensions */,
				4F810FD32BB0AA82005CF34D /* Fonts */,
			);
			path = Resources;
			sourceTree = "<group>";
		};
		4F810FD32BB0AA82005CF34D /* Fonts */ = {
			isa = PBXGroup;
			children = (
				4F810FE12BB0AA8F005CF34D /* Roboto */,
			);
			path = Fonts;
			sourceTree = "<group>";
		};
		4F810FE12BB0AA8F005CF34D /* Roboto */ = {
			isa = PBXGroup;
			children = (
				4F810FD42BB0AA8F005CF34D /* LICENSE.txt */,
				4F810FD52BB0AA8F005CF34D /* Roboto-Black.ttf */,
				4F810FD62BB0AA8F005CF34D /* Roboto-BlackItalic.ttf */,
				4F810FD72BB0AA8F005CF34D /* Roboto-Bold.ttf */,
				4F810FD82BB0AA8F005CF34D /* Roboto-BoldItalic.ttf */,
				4F810FD92BB0AA8F005CF34D /* Roboto-Italic.ttf */,
				4F810FDA2BB0AA8F005CF34D /* Roboto-Light.ttf */,
				4F810FDB2BB0AA8F005CF34D /* Roboto-LightItalic.ttf */,
				4F810FDC2BB0AA8F005CF34D /* Roboto-Medium.ttf */,
				4F810FDD2BB0AA8F005CF34D /* Roboto-MediumItalic.ttf */,
				4F810FDE2BB0AA8F005CF34D /* Roboto-Regular.ttf */,
				4F810FDF2BB0AA8F005CF34D /* Roboto-Thin.ttf */,
				4F810FE02BB0AA8F005CF34D /* Roboto-ThinItalic.ttf */,
			);
			path = Roboto;
			sourceTree = "<group>";
		};
		4F810FEF2BB0B4E7005CF34D /* Extensions */ = {
			isa = PBXGroup;
			children = (
				4F810FF02BB0B4FF005CF34D /* UIFont+Extension.swift */,
				4F810FF22BB0BAD5005CF34D /* UIColor+Extension.swift */,
			);
			path = Extensions;
			sourceTree = "<group>";
		};
		4F98524C2BB9AA8B0059AFB5 /* UILayer */ = {
			isa = PBXGroup;
			children = (
				4F4E13E92BBEFD7C003608AF /* Scenes */,
				4F4E13E82BBEFD61003608AF /* Factory */,
				4F4E13E72BBEFD5B003608AF /* Views */,
			);
			path = UILayer;
			sourceTree = "<group>";
		};
		4F98524D2BB9AAD40059AFB5 /* OnboardingScene */ = {
			isa = PBXGroup;
			children = (
				4F98524E2BB9AB3C0059AFB5 /* OnboardingViewController.swift */,
				4F9852502BB9ABAC0059AFB5 /* OnboardingViewPresenter.swift */,
				4F9852522BB9C6B60059AFB5 /* OnboardingPartViewController.swift */,
			);
			path = OnboardingScene;
			sourceTree = "<group>";
		};
/* End PBXGroup section */

/* Begin PBXNativeTarget section */
		4F810FBA2BB0A5BA005CF34D /* FoodDeliveryApp */ = {
			isa = PBXNativeTarget;
			buildConfigurationList = 4F810FCF2BB0A5BB005CF34D /* Build configuration list for PBXNativeTarget "FoodDeliveryApp" */;
			buildPhases = (
				4F810FB72BB0A5BA005CF34D /* Sources */,
				4F810FB82BB0A5BA005CF34D /* Frameworks */,
				4F810FB92BB0A5BA005CF34D /* Resources */,
			);
			buildRules = (
			);
			dependencies = (
			);
			name = FoodDeliveryApp;
			productName = FoodDeliveryApp;
			productReference = 4F810FBB2BB0A5BA005CF34D /* FoodDeliveryApp.app */;
			productType = "com.apple.product-type.application";
		};
/* End PBXNativeTarget section */

/* Begin PBXProject section */
		4F810FB32BB0A5BA005CF34D /* Project object */ = {
			isa = PBXProject;
			attributes = {
				BuildIndependentTargetsInParallel = 1;
				LastSwiftUpdateCheck = 1530;
				LastUpgradeCheck = 1530;
				TargetAttributes = {
					4F810FBA2BB0A5BA005CF34D = {
						CreatedOnToolsVersion = 15.3;
					};
				};
			};
			buildConfigurationList = 4F810FB62BB0A5BA005CF34D /* Build configuration list for PBXProject "FoodDeliveryApp" */;
			compatibilityVersion = "Xcode 14.0";
			developmentRegion = en;
			hasScannedForEncodings = 0;
			knownRegions = (
				en,
				Base,
			);
			mainGroup = 4F810FB22BB0A5BA005CF34D;
			productRefGroup = 4F810FBC2BB0A5BA005CF34D /* Products */;
			projectDirPath = "";
			projectRoot = "";
			targets = (
				4F810FBA2BB0A5BA005CF34D /* FoodDeliveryApp */,
			);
		};
/* End PBXProject section */

/* Begin PBXResourcesBuildPhase section */
		4F810FB92BB0A5BA005CF34D /* Resources */ = {
			isa = PBXResourcesBuildPhase;
			buildActionMask = 2147483647;
			files = (
				4F810FEE2BB0AA8F005CF34D /* Roboto-ThinItalic.ttf in Resources */,
				4F810FED2BB0AA8F005CF34D /* Roboto-Thin.ttf in Resources */,
				4F810FE22BB0AA8F005CF34D /* LICENSE.txt in Resources */,
				4F810FC82BB0A5BB005CF34D /* Assets.xcassets in Resources */,
				4F810FE92BB0AA8F005CF34D /* Roboto-LightItalic.ttf in Resources */,
				4F810FE52BB0AA8F005CF34D /* Roboto-Bold.ttf in Resources */,
				4F810FEB2BB0AA8F005CF34D /* Roboto-MediumItalic.ttf in Resources */,
				4F810FE42BB0AA8F005CF34D /* Roboto-BlackItalic.ttf in Resources */,
				4F810FCB2BB0A5BB005CF34D /* Base in Resources */,
				4F810FE72BB0AA8F005CF34D /* Roboto-Italic.ttf in Resources */,
				4F810FE62BB0AA8F005CF34D /* Roboto-BoldItalic.ttf in Resources */,
				4F810FEA2BB0AA8F005CF34D /* Roboto-Medium.ttf in Resources */,
				4F810FEC2BB0AA8F005CF34D /* Roboto-Regular.ttf in Resources */,
				4F810FE32BB0AA8F005CF34D /* Roboto-Black.ttf in Resources */,
				4F810FE82BB0AA8F005CF34D /* Roboto-Light.ttf in Resources */,
			);
			runOnlyForDeploymentPostprocessing = 0;
		};
/* End PBXResourcesBuildPhase section */

/* Begin PBXSourcesBuildPhase section */
		4F810FB72BB0A5BA005CF34D /* Sources */ = {
			isa = PBXSourcesBuildPhase;
			buildActionMask = 2147483647;
			files = (
				4F810FC32BB0A5BA005CF34D /* ViewController.swift in Sources */,
				4F810FBF2BB0A5BA005CF34D /* AppDelegate.swift in Sources */,
				4F810FF12BB0B4FF005CF34D /* UIFont+Extension.swift in Sources */,
				4F810FF52BB0BBDF005CF34D /* AppColors.swift in Sources */,
				4F48197E2BB930FF0039CCA5 /* OnboardingCoordinator.swift in Sources */,
				4F810FC12BB0A5BA005CF34D /* SceneDelegate.swift in Sources */,
				4F4819822BB939B30039CCA5 /* OrderCoordinator.swift in Sources */,
				4F98524F2BB9AB3C0059AFB5 /* OnboardingViewController.swift in Sources */,
				4F4E13DF2BBEB220003608AF /* LoginViewController.swift in Sources */,
				4F48197C2BB930370039CCA5 /* AppCoordinator.swift in Sources */,
				4F4819862BB955F50039CCA5 /* ProfileCoordinator.swift in Sources */,
				4F4819842BB955EC0039CCA5 /* ListCoordinator.swift in Sources */,
				4F4819802BB939800039CCA5 /* HomeCoordinator.swift in Sources */,
				4F4819882BB957D00039CCA5 /* TabBarController.swift in Sources */,
				4F9852532BB9C6B60059AFB5 /* OnboardingPartViewController.swift in Sources */,
				4F4E13D92BBC8E96003608AF /* UserStorage.swift in Sources */,
				4F4E13DC2BBDAC30003608AF /* SceneFactory.swift in Sources */,
				4F810FF32BB0BAD5005CF34D /* UIColor+Extension.swift in Sources */,
				4F4E13E42BBEB3F9003608AF /* BottomView.swift in Sources */,
				4F4E13EB2BBEFDE1003608AF /* FDButton.swift in Sources */,
				4F48197A2BB7140F0039CCA5 /* Coordinator.swift in Sources */,
				4F9852512BB9ABAC0059AFB5 /* OnboardingViewPresenter.swift in Sources */,
			);
			runOnlyForDeploymentPostprocessing = 0;
		};
/* End PBXSourcesBuildPhase section */

/* Begin PBXVariantGroup section */
		4F810FC92BB0A5BB005CF34D /* LaunchScreen.storyboard */ = {
			isa = PBXVariantGroup;
			children = (
				4F810FCA2BB0A5BB005CF34D /* Base */,
			);
			name = LaunchScreen.storyboard;
			sourceTree = "<group>";
		};
/* End PBXVariantGroup section */

/* Begin XCBuildConfiguration section */
		4F810FCD2BB0A5BB005CF34D /* Debug */ = {
			isa = XCBuildConfiguration;
			buildSettings = {
				ALWAYS_SEARCH_USER_PATHS = NO;
				ASSETCATALOG_COMPILER_GENERATE_SWIFT_ASSET_SYMBOL_EXTENSIONS = YES;
				CLANG_ANALYZER_NONNULL = YES;
				CLANG_ANALYZER_NUMBER_OBJECT_CONVERSION = YES_AGGRESSIVE;
				CLANG_CXX_LANGUAGE_STANDARD = "gnu++20";
				CLANG_ENABLE_MODULES = YES;
				CLANG_ENABLE_OBJC_ARC = YES;
				CLANG_ENABLE_OBJC_WEAK = YES;
				CLANG_WARN_BLOCK_CAPTURE_AUTORELEASING = YES;
				CLANG_WARN_BOOL_CONVERSION = YES;
				CLANG_WARN_COMMA = YES;
				CLANG_WARN_CONSTANT_CONVERSION = YES;
				CLANG_WARN_DEPRECATED_OBJC_IMPLEMENTATIONS = YES;
				CLANG_WARN_DIRECT_OBJC_ISA_USAGE = YES_ERROR;
				CLANG_WARN_DOCUMENTATION_COMMENTS = YES;
				CLANG_WARN_EMPTY_BODY = YES;
				CLANG_WARN_ENUM_CONVERSION = YES;
				CLANG_WARN_INFINITE_RECURSION = YES;
				CLANG_WARN_INT_CONVERSION = YES;
				CLANG_WARN_NON_LITERAL_NULL_CONVERSION = YES;
				CLANG_WARN_OBJC_IMPLICIT_RETAIN_SELF = YES;
				CLANG_WARN_OBJC_LITERAL_CONVERSION = YES;
				CLANG_WARN_OBJC_ROOT_CLASS = YES_ERROR;
				CLANG_WARN_QUOTED_INCLUDE_IN_FRAMEWORK_HEADER = YES;
				CLANG_WARN_RANGE_LOOP_ANALYSIS = YES;
				CLANG_WARN_STRICT_PROTOTYPES = YES;
				CLANG_WARN_SUSPICIOUS_MOVE = YES;
				CLANG_WARN_UNGUARDED_AVAILABILITY = YES_AGGRESSIVE;
				CLANG_WARN_UNREACHABLE_CODE = YES;
				CLANG_WARN__DUPLICATE_METHOD_MATCH = YES;
				COPY_PHASE_STRIP = NO;
				DEBUG_INFORMATION_FORMAT = dwarf;
				ENABLE_STRICT_OBJC_MSGSEND = YES;
				ENABLE_TESTABILITY = YES;
				ENABLE_USER_SCRIPT_SANDBOXING = YES;
				GCC_C_LANGUAGE_STANDARD = gnu17;
				GCC_DYNAMIC_NO_PIC = NO;
				GCC_NO_COMMON_BLOCKS = YES;
				GCC_OPTIMIZATION_LEVEL = 0;
				GCC_PREPROCESSOR_DEFINITIONS = (
					"DEBUG=1",
					"$(inherited)",
				);
				GCC_WARN_64_TO_32_BIT_CONVERSION = YES;
				GCC_WARN_ABOUT_RETURN_TYPE = YES_ERROR;
				GCC_WARN_UNDECLARED_SELECTOR = YES;
				GCC_WARN_UNINITIALIZED_AUTOS = YES_AGGRESSIVE;
				GCC_WARN_UNUSED_FUNCTION = YES;
				GCC_WARN_UNUSED_VARIABLE = YES;
				IPHONEOS_DEPLOYMENT_TARGET = 17.4;
				LOCALIZATION_PREFERS_STRING_CATALOGS = YES;
				MTL_ENABLE_DEBUG_INFO = INCLUDE_SOURCE;
				MTL_FAST_MATH = YES;
				ONLY_ACTIVE_ARCH = YES;
				SDKROOT = iphoneos;
				SWIFT_ACTIVE_COMPILATION_CONDITIONS = "DEBUG $(inherited)";
				SWIFT_OPTIMIZATION_LEVEL = "-Onone";
			};
			name = Debug;
		};
		4F810FCE2BB0A5BB005CF34D /* Release */ = {
			isa = XCBuildConfiguration;
			buildSettings = {
				ALWAYS_SEARCH_USER_PATHS = NO;
				ASSETCATALOG_COMPILER_GENERATE_SWIFT_ASSET_SYMBOL_EXTENSIONS = YES;
				CLANG_ANALYZER_NONNULL = YES;
				CLANG_ANALYZER_NUMBER_OBJECT_CONVERSION = YES_AGGRESSIVE;
				CLANG_CXX_LANGUAGE_STANDARD = "gnu++20";
				CLANG_ENABLE_MODULES = YES;
				CLANG_ENABLE_OBJC_ARC = YES;
				CLANG_ENABLE_OBJC_WEAK = YES;
				CLANG_WARN_BLOCK_CAPTURE_AUTORELEASING = YES;
				CLANG_WARN_BOOL_CONVERSION = YES;
				CLANG_WARN_COMMA = YES;
				CLANG_WARN_CONSTANT_CONVERSION = YES;
				CLANG_WARN_DEPRECATED_OBJC_IMPLEMENTATIONS = YES;
				CLANG_WARN_DIRECT_OBJC_ISA_USAGE = YES_ERROR;
				CLANG_WARN_DOCUMENTATION_COMMENTS = YES;
				CLANG_WARN_EMPTY_BODY = YES;
				CLANG_WARN_ENUM_CONVERSION = YES;
				CLANG_WARN_INFINITE_RECURSION = YES;
				CLANG_WARN_INT_CONVERSION = YES;
				CLANG_WARN_NON_LITERAL_NULL_CONVERSION = YES;
				CLANG_WARN_OBJC_IMPLICIT_RETAIN_SELF = YES;
				CLANG_WARN_OBJC_LITERAL_CONVERSION = YES;
				CLANG_WARN_OBJC_ROOT_CLASS = YES_ERROR;
				CLANG_WARN_QUOTED_INCLUDE_IN_FRAMEWORK_HEADER = YES;
				CLANG_WARN_RANGE_LOOP_ANALYSIS = YES;
				CLANG_WARN_STRICT_PROTOTYPES = YES;
				CLANG_WARN_SUSPICIOUS_MOVE = YES;
				CLANG_WARN_UNGUARDED_AVAILABILITY = YES_AGGRESSIVE;
				CLANG_WARN_UNREACHABLE_CODE = YES;
				CLANG_WARN__DUPLICATE_METHOD_MATCH = YES;
				COPY_PHASE_STRIP = NO;
				DEBUG_INFORMATION_FORMAT = "dwarf-with-dsym";
				ENABLE_NS_ASSERTIONS = NO;
				ENABLE_STRICT_OBJC_MSGSEND = YES;
				ENABLE_USER_SCRIPT_SANDBOXING = YES;
				GCC_C_LANGUAGE_STANDARD = gnu17;
				GCC_NO_COMMON_BLOCKS = YES;
				GCC_WARN_64_TO_32_BIT_CONVERSION = YES;
				GCC_WARN_ABOUT_RETURN_TYPE = YES_ERROR;
				GCC_WARN_UNDECLARED_SELECTOR = YES;
				GCC_WARN_UNINITIALIZED_AUTOS = YES_AGGRESSIVE;
				GCC_WARN_UNUSED_FUNCTION = YES;
				GCC_WARN_UNUSED_VARIABLE = YES;
				IPHONEOS_DEPLOYMENT_TARGET = 17.4;
				LOCALIZATION_PREFERS_STRING_CATALOGS = YES;
				MTL_ENABLE_DEBUG_INFO = NO;
				MTL_FAST_MATH = YES;
				SDKROOT = iphoneos;
				SWIFT_COMPILATION_MODE = wholemodule;
				VALIDATE_PRODUCT = YES;
			};
			name = Release;
		};
		4F810FD02BB0A5BB005CF34D /* Debug */ = {
			isa = XCBuildConfiguration;
			buildSettings = {
				ASSETCATALOG_COMPILER_APPICON_NAME = AppIcon;
				ASSETCATALOG_COMPILER_GLOBAL_ACCENT_COLOR_NAME = AccentColor;
				CODE_SIGN_STYLE = Automatic;
				CURRENT_PROJECT_VERSION = 1;
				DEVELOPMENT_TEAM = TUSRT77T3K;
				GENERATE_INFOPLIST_FILE = YES;
				INFOPLIST_FILE = FoodDeliveryApp/Info.plist;
				INFOPLIST_KEY_UIApplicationSupportsIndirectInputEvents = YES;
				INFOPLIST_KEY_UILaunchStoryboardName = LaunchScreen;
				INFOPLIST_KEY_UISupportedInterfaceOrientations_iPad = "UIInterfaceOrientationPortrait UIInterfaceOrientationPortraitUpsideDown UIInterfaceOrientationLandscapeLeft UIInterfaceOrientationLandscapeRight";
				INFOPLIST_KEY_UISupportedInterfaceOrientations_iPhone = "UIInterfaceOrientationPortrait UIInterfaceOrientationLandscapeLeft UIInterfaceOrientationLandscapeRight";
				LD_RUNPATH_SEARCH_PATHS = (
					"$(inherited)",
					"@executable_path/Frameworks",
				);
				MARKETING_VERSION = 1.0;
				PRODUCT_BUNDLE_IDENTIFIER = com.lincore.FoodDeliveryApp;
				PRODUCT_NAME = "$(TARGET_NAME)";
				SWIFT_EMIT_LOC_STRINGS = YES;
				SWIFT_VERSION = 5.0;
				TARGETED_DEVICE_FAMILY = "1,2";
			};
			name = Debug;
		};
		4F810FD12BB0A5BB005CF34D /* Release */ = {
			isa = XCBuildConfiguration;
			buildSettings = {
				ASSETCATALOG_COMPILER_APPICON_NAME = AppIcon;
				ASSETCATALOG_COMPILER_GLOBAL_ACCENT_COLOR_NAME = AccentColor;
				CODE_SIGN_STYLE = Automatic;
				CURRENT_PROJECT_VERSION = 1;
				DEVELOPMENT_TEAM = TUSRT77T3K;
				GENERATE_INFOPLIST_FILE = YES;
				INFOPLIST_FILE = FoodDeliveryApp/Info.plist;
				INFOPLIST_KEY_UIApplicationSupportsIndirectInputEvents = YES;
				INFOPLIST_KEY_UILaunchStoryboardName = LaunchScreen;
				INFOPLIST_KEY_UISupportedInterfaceOrientations_iPad = "UIInterfaceOrientationPortrait UIInterfaceOrientationPortraitUpsideDown UIInterfaceOrientationLandscapeLeft UIInterfaceOrientationLandscapeRight";
				INFOPLIST_KEY_UISupportedInterfaceOrientations_iPhone = "UIInterfaceOrientationPortrait UIInterfaceOrientationLandscapeLeft UIInterfaceOrientationLandscapeRight";
				LD_RUNPATH_SEARCH_PATHS = (
					"$(inherited)",
					"@executable_path/Frameworks",
				);
				MARKETING_VERSION = 1.0;
				PRODUCT_BUNDLE_IDENTIFIER = com.lincore.FoodDeliveryApp;
				PRODUCT_NAME = "$(TARGET_NAME)";
				SWIFT_EMIT_LOC_STRINGS = YES;
				SWIFT_VERSION = 5.0;
				TARGETED_DEVICE_FAMILY = "1,2";
			};
			name = Release;
		};
/* End XCBuildConfiguration section */

/* Begin XCConfigurationList section */
		4F810FB62BB0A5BA005CF34D /* Build configuration list for PBXProject "FoodDeliveryApp" */ = {
			isa = XCConfigurationList;
			buildConfigurations = (
				4F810FCD2BB0A5BB005CF34D /* Debug */,
				4F810FCE2BB0A5BB005CF34D /* Release */,
			);
			defaultConfigurationIsVisible = 0;
			defaultConfigurationName = Release;
		};
		4F810FCF2BB0A5BB005CF34D /* Build configuration list for PBXNativeTarget "FoodDeliveryApp" */ = {
			isa = XCConfigurationList;
			buildConfigurations = (
				4F810FD02BB0A5BB005CF34D /* Debug */,
				4F810FD12BB0A5BB005CF34D /* Release */,
			);
			defaultConfigurationIsVisible = 0;
			defaultConfigurationName = Release;
		};
/* End XCConfigurationList section */
	};
	rootObject = 4F810FB32BB0A5BA005CF34D /* Project object */;
}
